// !$*UTF8*$!
{
	archiveVersion = 1;
	classes = {
	};
	objectVersion = 48;
	objects = {

/* Begin PBXBuildFile section */
		2D1CD1A820B7118400918F73 /* Info_Storyboard.storyboard in Resources */ = {isa = PBXBuildFile; fileRef = 2D1CD1A720B7118400918F73 /* Info_Storyboard.storyboard */; };
		2D1CD1AA20B7119000918F73 /* Info_ViewController.swift in Sources */ = {isa = PBXBuildFile; fileRef = 2D1CD1A920B7119000918F73 /* Info_ViewController.swift */; };
		2D1CD1AC20B711B800918F73 /* IMG_4022.jpg in Resources */ = {isa = PBXBuildFile; fileRef = 2D1CD1AB20B711B800918F73 /* IMG_4022.jpg */; };
		2DD1617820B5023300B27889 /* AppDelegate.swift in Sources */ = {isa = PBXBuildFile; fileRef = 2DD1617720B5023300B27889 /* AppDelegate.swift */; };
		2DD1617A20B5023300B27889 /* ViewController.swift in Sources */ = {isa = PBXBuildFile; fileRef = 2DD1617920B5023300B27889 /* ViewController.swift */; };
		2DD1617D20B5023300B27889 /* Main.storyboard in Resources */ = {isa = PBXBuildFile; fileRef = 2DD1617B20B5023300B27889 /* Main.storyboard */; };
		2DD1617F20B5023300B27889 /* Assets.xcassets in Resources */ = {isa = PBXBuildFile; fileRef = 2DD1617E20B5023300B27889 /* Assets.xcassets */; };
		2DD1618220B5023300B27889 /* LaunchScreen.storyboard in Resources */ = {isa = PBXBuildFile; fileRef = 2DD1618020B5023300B27889 /* LaunchScreen.storyboard */; };
		2DD1618D20B5023400B27889 /* chinchiro_appTests.swift in Sources */ = {isa = PBXBuildFile; fileRef = 2DD1618C20B5023400B27889 /* chinchiro_appTests.swift */; };
		2DD1619820B5023400B27889 /* chinchiro_appUITests.swift in Sources */ = {isa = PBXBuildFile; fileRef = 2DD1619720B5023400B27889 /* chinchiro_appUITests.swift */; };
		2DD161A920B5038800B27889 /* Point_ViewController.swift in Sources */ = {isa = PBXBuildFile; fileRef = 2DD161A820B5038800B27889 /* Point_ViewController.swift */; };
		2DD161AB20B503E000B27889 /* Point_Storyboard.storyboard in Resources */ = {isa = PBXBuildFile; fileRef = 2DD161AA20B503E000B27889 /* Point_Storyboard.storyboard */; };
		2DD161AE20B50A2700B27889 /* Chinchiro_Storyboard.storyboard in Resources */ = {isa = PBXBuildFile; fileRef = 2DD161AD20B50A2700B27889 /* Chinchiro_Storyboard.storyboard */; };
		2DD161B020B50A3400B27889 /* ChinChiro_ViewController.swift in Sources */ = {isa = PBXBuildFile; fileRef = 2DD161AF20B50A3400B27889 /* ChinChiro_ViewController.swift */; };
		2DD161B220B543E700B27889 /* Point_File.swift in Sources */ = {isa = PBXBuildFile; fileRef = 2DD161B120B543E700B27889 /* Point_File.swift */; };
		2DD161B420B5517600B27889 /* Chinchiro_File.swift in Sources */ = {isa = PBXBuildFile; fileRef = 2DD161B320B5517600B27889 /* Chinchiro_File.swift */; };
		2DD161BA20B5592700B27889 /* sample4.png in Resources */ = {isa = PBXBuildFile; fileRef = 2DD161B620B5592700B27889 /* sample4.png */; };
		2DD161BB20B5592700B27889 /* sample6.png in Resources */ = {isa = PBXBuildFile; fileRef = 2DD161B720B5592700B27889 /* sample6.png */; };
		2DD161BC20B5592700B27889 /* sample1.png in Resources */ = {isa = PBXBuildFile; fileRef = 2DD161B820B5592700B27889 /* sample1.png */; };
		2DD161BD20B5592700B27889 /* sample5.png in Resources */ = {isa = PBXBuildFile; fileRef = 2DD161B920B5592700B27889 /* sample5.png */; };
		2DD161C020B5593000B27889 /* sample2.png in Resources */ = {isa = PBXBuildFile; fileRef = 2DD161BE20B5593000B27889 /* sample2.png */; };
		2DD161C120B5593000B27889 /* sample3.png in Resources */ = {isa = PBXBuildFile; fileRef = 2DD161BF20B5593000B27889 /* sample3.png */; };
		2DD161C420B5830100B27889 /* BT_ViewController.swift in Sources */ = {isa = PBXBuildFile; fileRef = 2DD161C320B5830100B27889 /* BT_ViewController.swift */; };
		2DD161C620B584D200B27889 /* BT_Storyboard.storyboard in Resources */ = {isa = PBXBuildFile; fileRef = 2DD161C520B584D200B27889 /* BT_Storyboard.storyboard */; };
		2DD161C920B5870700B27889 /* BTResult_ViewController.swift in Sources */ = {isa = PBXBuildFile; fileRef = 2DD161C820B5870700B27889 /* BTResult_ViewController.swift */; };
		2DD161CB20B5871900B27889 /* BTResult_Storyboard.storyboard in Resources */ = {isa = PBXBuildFile; fileRef = 2DD161CA20B5871900B27889 /* BTResult_Storyboard.storyboard */; };
		2DD161D020B587FD00B27889 /* Unknown-5.jpg in Resources */ = {isa = PBXBuildFile; fileRef = 2DD161CC20B587FD00B27889 /* Unknown-5.jpg */; };
		2DD161D120B587FD00B27889 /* kurakka-Left.png in Resources */ = {isa = PBXBuildFile; fileRef = 2DD161CD20B587FD00B27889 /* kurakka-Left.png */; };
		2DD161D220B587FD00B27889 /* kurakka-right.png in Resources */ = {isa = PBXBuildFile; fileRef = 2DD161CE20B587FD00B27889 /* kurakka-right.png */; };
		2DD161D320B587FD00B27889 /* b07ce2df.jpg in Resources */ = {isa = PBXBuildFile; fileRef = 2DD161CF20B587FD00B27889 /* b07ce2df.jpg */; };
		2DD161E320B698DA00B27889 /* bird-03.png in Resources */ = {isa = PBXBuildFile; fileRef = 2DD161DF20B698D900B27889 /* bird-03.png */; };
		2DD161E420B698DA00B27889 /* bird-01.png in Resources */ = {isa = PBXBuildFile; fileRef = 2DD161E020B698DA00B27889 /* bird-01.png */; };
		2DD161E520B698DA00B27889 /* bird-04.png in Resources */ = {isa = PBXBuildFile; fileRef = 2DD161E120B698DA00B27889 /* bird-04.png */; };
		2DD161E620B698DA00B27889 /* bird-02.png in Resources */ = {isa = PBXBuildFile; fileRef = 2DD161E220B698DA00B27889 /* bird-02.png */; };
		2DD161F320B6C88400B27889 /* bird.atlas in Resources */ = {isa = PBXBuildFile; fileRef = 2DD161E920B6C88400B27889 /* bird.atlas */; };
		2DD161F420B6C88400B27889 /* GameViewController.swift in Sources */ = {isa = PBXBuildFile; fileRef = 2DD161EA20B6C88400B27889 /* GameViewController.swift */; };
		2DD161F520B6C88400B27889 /* Flappy_Main.storyboard in Resources */ = {isa = PBXBuildFile; fileRef = 2DD161EB20B6C88400B27889 /* Flappy_Main.storyboard */; };
		2DD161F720B6C88400B27889 /* GameScene.sks in Resources */ = {isa = PBXBuildFile; fileRef = 2DD161EE20B6C88400B27889 /* GameScene.sks */; };
		2DD161F920B6C88400B27889 /* GameScene.swift in Sources */ = {isa = PBXBuildFile; fileRef = 2DD161F020B6C88400B27889 /* GameScene.swift */; };
		2DD161FA20B6C88400B27889 /* Info.plist in Resources */ = {isa = PBXBuildFile; fileRef = 2DD161F120B6C88400B27889 /* Info.plist */; };
/* End PBXBuildFile section */

/* Begin PBXContainerItemProxy section */
		2DD1618920B5023300B27889 /* PBXContainerItemProxy */ = {
			isa = PBXContainerItemProxy;
			containerPortal = 2DD1616C20B5023300B27889 /* Project object */;
			proxyType = 1;
			remoteGlobalIDString = 2DD1617320B5023300B27889;
			remoteInfo = chinchiro_app;
		};
		2DD1619420B5023400B27889 /* PBXContainerItemProxy */ = {
			isa = PBXContainerItemProxy;
			containerPortal = 2DD1616C20B5023300B27889 /* Project object */;
			proxyType = 1;
			remoteGlobalIDString = 2DD1617320B5023300B27889;
			remoteInfo = chinchiro_app;
		};
/* End PBXContainerItemProxy section */

/* Begin PBXFileReference section */
		2D1CD1A720B7118400918F73 /* Info_Storyboard.storyboard */ = {isa = PBXFileReference; lastKnownFileType = file.storyboard; path = Info_Storyboard.storyboard; sourceTree = "<group>"; };
		2D1CD1A920B7119000918F73 /* Info_ViewController.swift */ = {isa = PBXFileReference; lastKnownFileType = sourcecode.swift; path = Info_ViewController.swift; sourceTree = "<group>"; };
		2D1CD1AB20B711B800918F73 /* IMG_4022.jpg */ = {isa = PBXFileReference; lastKnownFileType = image.jpeg; name = IMG_4022.jpg; path = ../../../../../Documents/IMG_4022.jpg; sourceTree = "<group>"; };
		2DD1617420B5023300B27889 /* chinchiro_app.app */ = {isa = PBXFileReference; explicitFileType = wrapper.application; includeInIndex = 0; path = chinchiro_app.app; sourceTree = BUILT_PRODUCTS_DIR; };
		2DD1617720B5023300B27889 /* AppDelegate.swift */ = {isa = PBXFileReference; lastKnownFileType = sourcecode.swift; path = AppDelegate.swift; sourceTree = "<group>"; };
		2DD1617920B5023300B27889 /* ViewController.swift */ = {isa = PBXFileReference; lastKnownFileType = sourcecode.swift; path = ViewController.swift; sourceTree = "<group>"; };
		2DD1617C20B5023300B27889 /* Base */ = {isa = PBXFileReference; lastKnownFileType = file.storyboard; name = Base; path = Base.lproj/Main.storyboard; sourceTree = "<group>"; };
		2DD1617E20B5023300B27889 /* Assets.xcassets */ = {isa = PBXFileReference; lastKnownFileType = folder.assetcatalog; path = Assets.xcassets; sourceTree = "<group>"; };
		2DD1618120B5023300B27889 /* Base */ = {isa = PBXFileReference; lastKnownFileType = file.storyboard; name = Base; path = Base.lproj/LaunchScreen.storyboard; sourceTree = "<group>"; };
		2DD1618320B5023300B27889 /* Info.plist */ = {isa = PBXFileReference; lastKnownFileType = text.plist.xml; path = Info.plist; sourceTree = "<group>"; };
		2DD1618820B5023300B27889 /* chinchiro_appTests.xctest */ = {isa = PBXFileReference; explicitFileType = wrapper.cfbundle; includeInIndex = 0; path = chinchiro_appTests.xctest; sourceTree = BUILT_PRODUCTS_DIR; };
		2DD1618C20B5023400B27889 /* chinchiro_appTests.swift */ = {isa = PBXFileReference; lastKnownFileType = sourcecode.swift; path = chinchiro_appTests.swift; sourceTree = "<group>"; };
		2DD1618E20B5023400B27889 /* Info.plist */ = {isa = PBXFileReference; lastKnownFileType = text.plist.xml; path = Info.plist; sourceTree = "<group>"; };
		2DD1619320B5023400B27889 /* chinchiro_appUITests.xctest */ = {isa = PBXFileReference; explicitFileType = wrapper.cfbundle; includeInIndex = 0; path = chinchiro_appUITests.xctest; sourceTree = BUILT_PRODUCTS_DIR; };
		2DD1619720B5023400B27889 /* chinchiro_appUITests.swift */ = {isa = PBXFileReference; lastKnownFileType = sourcecode.swift; path = chinchiro_appUITests.swift; sourceTree = "<group>"; };
		2DD1619920B5023400B27889 /* Info.plist */ = {isa = PBXFileReference; lastKnownFileType = text.plist.xml; path = Info.plist; sourceTree = "<group>"; };
		2DD161A820B5038800B27889 /* Point_ViewController.swift */ = {isa = PBXFileReference; lastKnownFileType = sourcecode.swift; path = Point_ViewController.swift; sourceTree = "<group>"; };
		2DD161AA20B503E000B27889 /* Point_Storyboard.storyboard */ = {isa = PBXFileReference; lastKnownFileType = file.storyboard; path = Point_Storyboard.storyboard; sourceTree = "<group>"; };
		2DD161AD20B50A2700B27889 /* Chinchiro_Storyboard.storyboard */ = {isa = PBXFileReference; lastKnownFileType = file.storyboard; path = Chinchiro_Storyboard.storyboard; sourceTree = "<group>"; };
		2DD161AF20B50A3400B27889 /* ChinChiro_ViewController.swift */ = {isa = PBXFileReference; lastKnownFileType = sourcecode.swift; path = ChinChiro_ViewController.swift; sourceTree = "<group>"; };
		2DD161B120B543E700B27889 /* Point_File.swift */ = {isa = PBXFileReference; lastKnownFileType = sourcecode.swift; path = Point_File.swift; sourceTree = "<group>"; };
		2DD161B320B5517600B27889 /* Chinchiro_File.swift */ = {isa = PBXFileReference; lastKnownFileType = sourcecode.swift; path = Chinchiro_File.swift; sourceTree = "<group>"; };
		2DD161B620B5592700B27889 /* sample4.png */ = {isa = PBXFileReference; lastKnownFileType = image.png; name = sample4.png; path = "../../../../../Documents/サイコロ/sample4.png"; sourceTree = "<group>"; };
		2DD161B720B5592700B27889 /* sample6.png */ = {isa = PBXFileReference; lastKnownFileType = image.png; name = sample6.png; path = "../../../../../Documents/サイコロ/sample6.png"; sourceTree = "<group>"; };
		2DD161B820B5592700B27889 /* sample1.png */ = {isa = PBXFileReference; lastKnownFileType = image.png; name = sample1.png; path = "../../../../../Documents/サイコロ/sample1.png"; sourceTree = "<group>"; };
		2DD161B920B5592700B27889 /* sample5.png */ = {isa = PBXFileReference; lastKnownFileType = image.png; name = sample5.png; path = "../../../../../Documents/サイコロ/sample5.png"; sourceTree = "<group>"; };
		2DD161BE20B5593000B27889 /* sample2.png */ = {isa = PBXFileReference; lastKnownFileType = image.png; name = sample2.png; path = "../../../../../Documents/サイコロ/sample2.png"; sourceTree = "<group>"; };
		2DD161BF20B5593000B27889 /* sample3.png */ = {isa = PBXFileReference; lastKnownFileType = image.png; name = sample3.png; path = "../../../../../Documents/サイコロ/sample3.png"; sourceTree = "<group>"; };
		2DD161C320B5830100B27889 /* BT_ViewController.swift */ = {isa = PBXFileReference; lastKnownFileType = sourcecode.swift; path = BT_ViewController.swift; sourceTree = "<group>"; };
		2DD161C520B584D200B27889 /* BT_Storyboard.storyboard */ = {isa = PBXFileReference; lastKnownFileType = file.storyboard; path = BT_Storyboard.storyboard; sourceTree = "<group>"; };
		2DD161C820B5870700B27889 /* BTResult_ViewController.swift */ = {isa = PBXFileReference; lastKnownFileType = sourcecode.swift; path = BTResult_ViewController.swift; sourceTree = "<group>"; };
		2DD161CA20B5871900B27889 /* BTResult_Storyboard.storyboard */ = {isa = PBXFileReference; lastKnownFileType = file.storyboard; path = BTResult_Storyboard.storyboard; sourceTree = "<group>"; };
		2DD161CC20B587FD00B27889 /* Unknown-5.jpg */ = {isa = PBXFileReference; lastKnownFileType = image.jpeg; name = "Unknown-5.jpg"; path = "../../../../../Documents/サイコロ/素材/Unknown-5.jpg"; sourceTree = "<group>"; };
		2DD161CD20B587FD00B27889 /* kurakka-Left.png */ = {isa = PBXFileReference; lastKnownFileType = image.png; name = "kurakka-Left.png"; path = "../../../../../Documents/サイコロ/素材/kurakka-Left.png"; sourceTree = "<group>"; };
		2DD161CE20B587FD00B27889 /* kurakka-right.png */ = {isa = PBXFileReference; lastKnownFileType = image.png; name = "kurakka-right.png"; path = "../../../../../Documents/サイコロ/素材/kurakka-right.png"; sourceTree = "<group>"; };
		2DD161CF20B587FD00B27889 /* b07ce2df.jpg */ = {isa = PBXFileReference; lastKnownFileType = image.jpeg; name = b07ce2df.jpg; path = "../../../../../Documents/サイコロ/素材/b07ce2df.jpg"; sourceTree = "<group>"; };
		2DD161DF20B698D900B27889 /* bird-03.png */ = {isa = PBXFileReference; lastKnownFileType = image.png; name = "bird-03.png"; path = "../../../../../swift_demo/FlappySwift/FlappyBird/bird.atlas/bird-03.png"; sourceTree = "<group>"; };
		2DD161E020B698DA00B27889 /* bird-01.png */ = {isa = PBXFileReference; lastKnownFileType = image.png; name = "bird-01.png"; path = "../../../../../swift_demo/FlappySwift/FlappyBird/bird.atlas/bird-01.png"; sourceTree = "<group>"; };
		2DD161E120B698DA00B27889 /* bird-04.png */ = {isa = PBXFileReference; lastKnownFileType = image.png; name = "bird-04.png"; path = "../../../../../swift_demo/FlappySwift/FlappyBird/bird.atlas/bird-04.png"; sourceTree = "<group>"; };
		2DD161E220B698DA00B27889 /* bird-02.png */ = {isa = PBXFileReference; lastKnownFileType = image.png; name = "bird-02.png"; path = "../../../../../swift_demo/FlappySwift/FlappyBird/bird.atlas/bird-02.png"; sourceTree = "<group>"; };
		2DD161E920B6C88400B27889 /* bird.atlas */ = {isa = PBXFileReference; lastKnownFileType = folder.skatlas; path = bird.atlas; sourceTree = "<group>"; };
		2DD161EA20B6C88400B27889 /* GameViewController.swift */ = {isa = PBXFileReference; fileEncoding = 4; lastKnownFileType = sourcecode.swift; path = GameViewController.swift; sourceTree = "<group>"; };
		2DD161EC20B6C88400B27889 /* Base */ = {isa = PBXFileReference; lastKnownFileType = file.storyboard; name = Base; path = Base.lproj/Flappy_Main.storyboard; sourceTree = "<group>"; };
		2DD161EE20B6C88400B27889 /* GameScene.sks */ = {isa = PBXFileReference; lastKnownFileType = file.sks; path = GameScene.sks; sourceTree = "<group>"; };
		2DD161F020B6C88400B27889 /* GameScene.swift */ = {isa = PBXFileReference; fileEncoding = 4; lastKnownFileType = sourcecode.swift; path = GameScene.swift; sourceTree = "<group>"; };
		2DD161F120B6C88400B27889 /* Info.plist */ = {isa = PBXFileReference; fileEncoding = 4; lastKnownFileType = text.plist.xml; path = Info.plist; sourceTree = "<group>"; };
/* End PBXFileReference section */

/* Begin PBXFrameworksBuildPhase section */
		2DD1617120B5023300B27889 /* Frameworks */ = {
			isa = PBXFrameworksBuildPhase;
			buildActionMask = 2147483647;
			files = (
			);
			runOnlyForDeploymentPostprocessing = 0;
		};
		2DD1618520B5023300B27889 /* Frameworks */ = {
			isa = PBXFrameworksBuildPhase;
			buildActionMask = 2147483647;
			files = (
			);
			runOnlyForDeploymentPostprocessing = 0;
		};
		2DD1619020B5023400B27889 /* Frameworks */ = {
			isa = PBXFrameworksBuildPhase;
			buildActionMask = 2147483647;
			files = (
			);
			runOnlyForDeploymentPostprocessing = 0;
		};
/* End PBXFrameworksBuildPhase section */

/* Begin PBXGroup section */
		2D1CD1A420B7114200918F73 /* BT */ = {
			isa = PBXGroup;
			children = (
				2D1CD1A620B7116E00918F73 /* Infromation */,
				2DD161C220B582E400B27889 /* BT_other */,
				2DD161C720B586E800B27889 /* BT_Result */,
			);
			path = BT;
			sourceTree = "<group>";
		};
		2D1CD1A520B7115300918F73 /* Single */ = {
			isa = PBXGroup;
			children = (
				2DD161A520B5032100B27889 /* point */,
				2DD161AC20B50A1300B27889 /* chinchiro */,
			);
			path = Single;
			sourceTree = "<group>";
		};
		2D1CD1A620B7116E00918F73 /* Infromation */ = {
			isa = PBXGroup;
			children = (
				2D1CD1A720B7118400918F73 /* Info_Storyboard.storyboard */,
				2D1CD1A920B7119000918F73 /* Info_ViewController.swift */,
			);
			path = Infromation;
			sourceTree = "<group>";
		};
		2DD1616B20B5023300B27889 = {
			isa = PBXGroup;
			children = (
				2DD1617620B5023300B27889 /* chinchiro_app */,
				2DD1618B20B5023400B27889 /* chinchiro_appTests */,
				2DD1619620B5023400B27889 /* chinchiro_appUITests */,
				2DD1617520B5023300B27889 /* Products */,
			);
			sourceTree = "<group>";
		};
		2DD1617520B5023300B27889 /* Products */ = {
			isa = PBXGroup;
			children = (
				2DD1617420B5023300B27889 /* chinchiro_app.app */,
				2DD1618820B5023300B27889 /* chinchiro_appTests.xctest */,
				2DD1619320B5023400B27889 /* chinchiro_appUITests.xctest */,
			);
			name = Products;
			sourceTree = "<group>";
		};
		2DD1617620B5023300B27889 /* chinchiro_app */ = {
			isa = PBXGroup;
			children = (
				2D1CD1A520B7115300918F73 /* Single */,
				2D1CD1A420B7114200918F73 /* BT */,
				2DD161E720B6C88400B27889 /* FlappyBird */,
				2DD161B520B5590300B27889 /* saikoro_image */,
				2DD1617720B5023300B27889 /* AppDelegate.swift */,
				2DD1617920B5023300B27889 /* ViewController.swift */,
				2DD1617B20B5023300B27889 /* Main.storyboard */,
				2DD1617E20B5023300B27889 /* Assets.xcassets */,
				2DD1618020B5023300B27889 /* LaunchScreen.storyboard */,
				2DD1618320B5023300B27889 /* Info.plist */,
			);
			path = chinchiro_app;
			sourceTree = "<group>";
		};
		2DD1618B20B5023400B27889 /* chinchiro_appTests */ = {
			isa = PBXGroup;
			children = (
				2DD1618C20B5023400B27889 /* chinchiro_appTests.swift */,
				2DD1618E20B5023400B27889 /* Info.plist */,
			);
			path = chinchiro_appTests;
			sourceTree = "<group>";
		};
		2DD1619620B5023400B27889 /* chinchiro_appUITests */ = {
			isa = PBXGroup;
			children = (
				2DD1619720B5023400B27889 /* chinchiro_appUITests.swift */,
				2DD1619920B5023400B27889 /* Info.plist */,
			);
			path = chinchiro_appUITests;
			sourceTree = "<group>";
		};
		2DD161A520B5032100B27889 /* point */ = {
			isa = PBXGroup;
			children = (
				2DD161A820B5038800B27889 /* Point_ViewController.swift */,
				2DD161AA20B503E000B27889 /* Point_Storyboard.storyboard */,
				2DD161B120B543E700B27889 /* Point_File.swift */,
			);
			path = point;
			sourceTree = "<group>";
		};
		2DD161AC20B50A1300B27889 /* chinchiro */ = {
			isa = PBXGroup;
			children = (
				2DD161AD20B50A2700B27889 /* Chinchiro_Storyboard.storyboard */,
				2DD161AF20B50A3400B27889 /* ChinChiro_ViewController.swift */,
				2DD161B320B5517600B27889 /* Chinchiro_File.swift */,
			);
			path = chinchiro;
			sourceTree = "<group>";
		};
		2DD161B520B5590300B27889 /* saikoro_image */ = {
			isa = PBXGroup;
			children = (
				2D1CD1AB20B711B800918F73 /* IMG_4022.jpg */,
				2DD161E020B698DA00B27889 /* bird-01.png */,
				2DD161E220B698DA00B27889 /* bird-02.png */,
				2DD161DF20B698D900B27889 /* bird-03.png */,
				2DD161E120B698DA00B27889 /* bird-04.png */,
				2DD161CF20B587FD00B27889 /* b07ce2df.jpg */,
				2DD161CD20B587FD00B27889 /* kurakka-Left.png */,
				2DD161CE20B587FD00B27889 /* kurakka-right.png */,
				2DD161CC20B587FD00B27889 /* Unknown-5.jpg */,
				2DD161BF20B5593000B27889 /* sample3.png */,
				2DD161BE20B5593000B27889 /* sample2.png */,
				2DD161B820B5592700B27889 /* sample1.png */,
				2DD161B620B5592700B27889 /* sample4.png */,
				2DD161B920B5592700B27889 /* sample5.png */,
				2DD161B720B5592700B27889 /* sample6.png */,
			);
			path = saikoro_image;
			sourceTree = "<group>";
		};
		2DD161C220B582E400B27889 /* BT_other */ = {
			isa = PBXGroup;
			children = (
				2DD161C320B5830100B27889 /* BT_ViewController.swift */,
				2DD161C520B584D200B27889 /* BT_Storyboard.storyboard */,
			);
			path = BT_other;
			sourceTree = "<group>";
		};
		2DD161C720B586E800B27889 /* BT_Result */ = {
			isa = PBXGroup;
			children = (
				2DD161C820B5870700B27889 /* BTResult_ViewController.swift */,
				2DD161CA20B5871900B27889 /* BTResult_Storyboard.storyboard */,
			);
			path = BT_Result;
			sourceTree = "<group>";
		};
		2DD161E720B6C88400B27889 /* FlappyBird */ = {
			isa = PBXGroup;
			children = (
				2DD161E920B6C88400B27889 /* bird.atlas */,
				2DD161EA20B6C88400B27889 /* GameViewController.swift */,
				2DD161EB20B6C88400B27889 /* Flappy_Main.storyboard */,
				2DD161EE20B6C88400B27889 /* GameScene.sks */,
				2DD161F020B6C88400B27889 /* GameScene.swift */,
				2DD161F120B6C88400B27889 /* Info.plist */,
			);
			name = FlappyBird;
			path = ../../../../swift_demo/FlappySwift/FlappyBird;
			sourceTree = "<group>";
		};
/* End PBXGroup section */

/* Begin PBXNativeTarget section */
		2DD1617320B5023300B27889 /* chinchiro_app */ = {
			isa = PBXNativeTarget;
			buildConfigurationList = 2DD1619C20B5023400B27889 /* Build configuration list for PBXNativeTarget "chinchiro_app" */;
			buildPhases = (
				2DD1617020B5023300B27889 /* Sources */,
				2DD1617120B5023300B27889 /* Frameworks */,
				2DD1617220B5023300B27889 /* Resources */,
			);
			buildRules = (
			);
			dependencies = (
			);
			name = chinchiro_app;
			productName = chinchiro_app;
			productReference = 2DD1617420B5023300B27889 /* chinchiro_app.app */;
			productType = "com.apple.product-type.application";
		};
		2DD1618720B5023300B27889 /* chinchiro_appTests */ = {
			isa = PBXNativeTarget;
			buildConfigurationList = 2DD1619F20B5023400B27889 /* Build configuration list for PBXNativeTarget "chinchiro_appTests" */;
			buildPhases = (
				2DD1618420B5023300B27889 /* Sources */,
				2DD1618520B5023300B27889 /* Frameworks */,
				2DD1618620B5023300B27889 /* Resources */,
			);
			buildRules = (
			);
			dependencies = (
				2DD1618A20B5023300B27889 /* PBXTargetDependency */,
			);
			name = chinchiro_appTests;
			productName = chinchiro_appTests;
			productReference = 2DD1618820B5023300B27889 /* chinchiro_appTests.xctest */;
			productType = "com.apple.product-type.bundle.unit-test";
		};
		2DD1619220B5023400B27889 /* chinchiro_appUITests */ = {
			isa = PBXNativeTarget;
			buildConfigurationList = 2DD161A220B5023400B27889 /* Build configuration list for PBXNativeTarget "chinchiro_appUITests" */;
			buildPhases = (
				2DD1618F20B5023400B27889 /* Sources */,
				2DD1619020B5023400B27889 /* Frameworks */,
				2DD1619120B5023400B27889 /* Resources */,
			);
			buildRules = (
			);
			dependencies = (
				2DD1619520B5023400B27889 /* PBXTargetDependency */,
			);
			name = chinchiro_appUITests;
			productName = chinchiro_appUITests;
			productReference = 2DD1619320B5023400B27889 /* chinchiro_appUITests.xctest */;
			productType = "com.apple.product-type.bundle.ui-testing";
		};
/* End PBXNativeTarget section */

/* Begin PBXProject section */
		2DD1616C20B5023300B27889 /* Project object */ = {
			isa = PBXProject;
			attributes = {
				LastSwiftUpdateCheck = 0920;
				LastUpgradeCheck = 0920;
				ORGANIZATIONNAME = "村上拓麻";
				TargetAttributes = {
					2DD1617320B5023300B27889 = {
						CreatedOnToolsVersion = 9.2;
						ProvisioningStyle = Automatic;
					};
					2DD1618720B5023300B27889 = {
						CreatedOnToolsVersion = 9.2;
						ProvisioningStyle = Automatic;
						TestTargetID = 2DD1617320B5023300B27889;
					};
					2DD1619220B5023400B27889 = {
						CreatedOnToolsVersion = 9.2;
						ProvisioningStyle = Automatic;
						TestTargetID = 2DD1617320B5023300B27889;
					};
				};
			};
			buildConfigurationList = 2DD1616F20B5023300B27889 /* Build configuration list for PBXProject "chinchiro_app" */;
			compatibilityVersion = "Xcode 8.0";
			developmentRegion = en;
			hasScannedForEncodings = 0;
			knownRegions = (
				en,
				Base,
			);
			mainGroup = 2DD1616B20B5023300B27889;
			productRefGroup = 2DD1617520B5023300B27889 /* Products */;
			projectDirPath = "";
			projectRoot = "";
			targets = (
				2DD1617320B5023300B27889 /* chinchiro_app */,
				2DD1618720B5023300B27889 /* chinchiro_appTests */,
				2DD1619220B5023400B27889 /* chinchiro_appUITests */,
			);
		};
/* End PBXProject section */

/* Begin PBXResourcesBuildPhase section */
		2DD1617220B5023300B27889 /* Resources */ = {
			isa = PBXResourcesBuildPhase;
			buildActionMask = 2147483647;
			files = (
				2DD161C120B5593000B27889 /* sample3.png in Resources */,
				2DD161AB20B503E000B27889 /* Point_Storyboard.storyboard in Resources */,
				2DD161BC20B5592700B27889 /* sample1.png in Resources */,
				2DD161E620B698DA00B27889 /* bird-02.png in Resources */,
				2DD161F720B6C88400B27889 /* GameScene.sks in Resources */,
				2DD161C020B5593000B27889 /* sample2.png in Resources */,
				2DD161AE20B50A2700B27889 /* Chinchiro_Storyboard.storyboard in Resources */,
				2DD161BA20B5592700B27889 /* sample4.png in Resources */,
				2DD161F520B6C88400B27889 /* Flappy_Main.storyboard in Resources */,
				2DD1618220B5023300B27889 /* LaunchScreen.storyboard in Resources */,
				2DD161CB20B5871900B27889 /* BTResult_Storyboard.storyboard in Resources */,
				2DD161BB20B5592700B27889 /* sample6.png in Resources */,
				2DD161D220B587FD00B27889 /* kurakka-right.png in Resources */,
				2DD161E420B698DA00B27889 /* bird-01.png in Resources */,
				2DD161FA20B6C88400B27889 /* Info.plist in Resources */,
				2D1CD1AC20B711B800918F73 /* IMG_4022.jpg in Resources */,
				2DD1617F20B5023300B27889 /* Assets.xcassets in Resources */,
				2DD161C620B584D200B27889 /* BT_Storyboard.storyboard in Resources */,
				2DD161D320B587FD00B27889 /* b07ce2df.jpg in Resources */,
				2DD1617D20B5023300B27889 /* Main.storyboard in Resources */,
				2D1CD1A820B7118400918F73 /* Info_Storyboard.storyboard in Resources */,
				2DD161E520B698DA00B27889 /* bird-04.png in Resources */,
				2DD161E320B698DA00B27889 /* bird-03.png in Resources */,
				2DD161D020B587FD00B27889 /* Unknown-5.jpg in Resources */,
				2DD161BD20B5592700B27889 /* sample5.png in Resources */,
				2DD161F320B6C88400B27889 /* bird.atlas in Resources */,
				2DD161D120B587FD00B27889 /* kurakka-Left.png in Resources */,
			);
			runOnlyForDeploymentPostprocessing = 0;
		};
		2DD1618620B5023300B27889 /* Resources */ = {
			isa = PBXResourcesBuildPhase;
			buildActionMask = 2147483647;
			files = (
			);
			runOnlyForDeploymentPostprocessing = 0;
		};
		2DD1619120B5023400B27889 /* Resources */ = {
			isa = PBXResourcesBuildPhase;
			buildActionMask = 2147483647;
			files = (
			);
			runOnlyForDeploymentPostprocessing = 0;
		};
/* End PBXResourcesBuildPhase section */

/* Begin PBXSourcesBuildPhase section */
		2DD1617020B5023300B27889 /* Sources */ = {
			isa = PBXSourcesBuildPhase;
			buildActionMask = 2147483647;
			files = (
				2D1CD1AA20B7119000918F73 /* Info_ViewController.swift in Sources */,
				2DD1617A20B5023300B27889 /* ViewController.swift in Sources */,
				2DD161A920B5038800B27889 /* Point_ViewController.swift in Sources */,
				2DD161B220B543E700B27889 /* Point_File.swift in Sources */,
				2DD161C920B5870700B27889 /* BTResult_ViewController.swift in Sources */,
				2DD161B420B5517600B27889 /* Chinchiro_File.swift in Sources */,
				2DD161F920B6C88400B27889 /* GameScene.swift in Sources */,
				2DD161B020B50A3400B27889 /* ChinChiro_ViewController.swift in Sources */,
				2DD161C420B5830100B27889 /* BT_ViewController.swift in Sources */,
				2DD161F420B6C88400B27889 /* GameViewController.swift in Sources */,
				2DD1617820B5023300B27889 /* AppDelegate.swift in Sources */,
			);
			runOnlyForDeploymentPostprocessing = 0;
		};
		2DD1618420B5023300B27889 /* Sources */ = {
			isa = PBXSourcesBuildPhase;
			buildActionMask = 2147483647;
			files = (
				2DD1618D20B5023400B27889 /* chinchiro_appTests.swift in Sources */,
			);
			runOnlyForDeploymentPostprocessing = 0;
		};
		2DD1618F20B5023400B27889 /* Sources */ = {
			isa = PBXSourcesBuildPhase;
			buildActionMask = 2147483647;
			files = (
				2DD1619820B5023400B27889 /* chinchiro_appUITests.swift in Sources */,
			);
			runOnlyForDeploymentPostprocessing = 0;
		};
/* End PBXSourcesBuildPhase section */

/* Begin PBXTargetDependency section */
		2DD1618A20B5023300B27889 /* PBXTargetDependency */ = {
			isa = PBXTargetDependency;
			target = 2DD1617320B5023300B27889 /* chinchiro_app */;
			targetProxy = 2DD1618920B5023300B27889 /* PBXContainerItemProxy */;
		};
		2DD1619520B5023400B27889 /* PBXTargetDependency */ = {
			isa = PBXTargetDependency;
			target = 2DD1617320B5023300B27889 /* chinchiro_app */;
			targetProxy = 2DD1619420B5023400B27889 /* PBXContainerItemProxy */;
		};
/* End PBXTargetDependency section */

/* Begin PBXVariantGroup section */
		2DD1617B20B5023300B27889 /* Main.storyboard */ = {
			isa = PBXVariantGroup;
			children = (
				2DD1617C20B5023300B27889 /* Base */,
			);
			name = Main.storyboard;
			sourceTree = "<group>";
		};
		2DD1618020B5023300B27889 /* LaunchScreen.storyboard */ = {
			isa = PBXVariantGroup;
			children = (
				2DD1618120B5023300B27889 /* Base */,
			);
			name = LaunchScreen.storyboard;
			sourceTree = "<group>";
		};
		2DD161EB20B6C88400B27889 /* Flappy_Main.storyboard */ = {
			isa = PBXVariantGroup;
			children = (
				2DD161EC20B6C88400B27889 /* Base */,
			);
			name = Flappy_Main.storyboard;
			sourceTree = "<group>";
		};
/* End PBXVariantGroup section */

/* Begin XCBuildConfiguration section */
		2DD1619A20B5023400B27889 /* Debug */ = {
			isa = XCBuildConfiguration;
			buildSettings = {
				ALWAYS_SEARCH_USER_PATHS = NO;
				CLANG_ANALYZER_NONNULL = YES;
				CLANG_ANALYZER_NUMBER_OBJECT_CONVERSION = YES_AGGRESSIVE;
				CLANG_CXX_LANGUAGE_STANDARD = "gnu++14";
				CLANG_CXX_LIBRARY = "libc++";
				CLANG_ENABLE_MODULES = YES;
				CLANG_ENABLE_OBJC_ARC = YES;
				CLANG_WARN_BLOCK_CAPTURE_AUTORELEASING = YES;
				CLANG_WARN_BOOL_CONVERSION = YES;
				CLANG_WARN_COMMA = YES;
				CLANG_WARN_CONSTANT_CONVERSION = YES;
				CLANG_WARN_DIRECT_OBJC_ISA_USAGE = YES_ERROR;
				CLANG_WARN_DOCUMENTATION_COMMENTS = YES;
				CLANG_WARN_EMPTY_BODY = YES;
				CLANG_WARN_ENUM_CONVERSION = YES;
				CLANG_WARN_INFINITE_RECURSION = YES;
				CLANG_WARN_INT_CONVERSION = YES;
				CLANG_WARN_NON_LITERAL_NULL_CONVERSION = YES;
				CLANG_WARN_OBJC_LITERAL_CONVERSION = YES;
				CLANG_WARN_OBJC_ROOT_CLASS = YES_ERROR;
				CLANG_WARN_RANGE_LOOP_ANALYSIS = YES;
				CLANG_WARN_STRICT_PROTOTYPES = YES;
				CLANG_WARN_SUSPICIOUS_MOVE = YES;
				CLANG_WARN_UNGUARDED_AVAILABILITY = YES_AGGRESSIVE;
				CLANG_WARN_UNREACHABLE_CODE = YES;
				CLANG_WARN__DUPLICATE_METHOD_MATCH = YES;
				CODE_SIGN_IDENTITY = "iPhone Developer";
				COPY_PHASE_STRIP = NO;
				DEBUG_INFORMATION_FORMAT = dwarf;
				ENABLE_STRICT_OBJC_MSGSEND = YES;
				ENABLE_TESTABILITY = YES;
				GCC_C_LANGUAGE_STANDARD = gnu11;
				GCC_DYNAMIC_NO_PIC = NO;
				GCC_NO_COMMON_BLOCKS = YES;
				GCC_OPTIMIZATION_LEVEL = 0;
				GCC_PREPROCESSOR_DEFINITIONS = (
					"DEBUG=1",
					"$(inherited)",
				);
				GCC_WARN_64_TO_32_BIT_CONVERSION = YES;
				GCC_WARN_ABOUT_RETURN_TYPE = YES_ERROR;
				GCC_WARN_UNDECLARED_SELECTOR = YES;
				GCC_WARN_UNINITIALIZED_AUTOS = YES_AGGRESSIVE;
				GCC_WARN_UNUSED_FUNCTION = YES;
				GCC_WARN_UNUSED_VARIABLE = YES;
				IPHONEOS_DEPLOYMENT_TARGET = 11.2;
				MTL_ENABLE_DEBUG_INFO = YES;
				ONLY_ACTIVE_ARCH = YES;
				SDKROOT = iphoneos;
				SWIFT_ACTIVE_COMPILATION_CONDITIONS = DEBUG;
				SWIFT_OPTIMIZATION_LEVEL = "-Onone";
			};
			name = Debug;
		};
		2DD1619B20B5023400B27889 /* Release */ = {
			isa = XCBuildConfiguration;
			buildSettings = {
				ALWAYS_SEARCH_USER_PATHS = NO;
				CLANG_ANALYZER_NONNULL = YES;
				CLANG_ANALYZER_NUMBER_OBJECT_CONVERSION = YES_AGGRESSIVE;
				CLANG_CXX_LANGUAGE_STANDARD = "gnu++14";
				CLANG_CXX_LIBRARY = "libc++";
				CLANG_ENABLE_MODULES = YES;
				CLANG_ENABLE_OBJC_ARC = YES;
				CLANG_WARN_BLOCK_CAPTURE_AUTORELEASING = YES;
				CLANG_WARN_BOOL_CONVERSION = YES;
				CLANG_WARN_COMMA = YES;
				CLANG_WARN_CONSTANT_CONVERSION = YES;
				CLANG_WARN_DIRECT_OBJC_ISA_USAGE = YES_ERROR;
				CLANG_WARN_DOCUMENTATION_COMMENTS = YES;
				CLANG_WARN_EMPTY_BODY = YES;
				CLANG_WARN_ENUM_CONVERSION = YES;
				CLANG_WARN_INFINITE_RECURSION = YES;
				CLANG_WARN_INT_CONVERSION = YES;
				CLANG_WARN_NON_LITERAL_NULL_CONVERSION = YES;
				CLANG_WARN_OBJC_LITERAL_CONVERSION = YES;
				CLANG_WARN_OBJC_ROOT_CLASS = YES_ERROR;
				CLANG_WARN_RANGE_LOOP_ANALYSIS = YES;
				CLANG_WARN_STRICT_PROTOTYPES = YES;
				CLANG_WARN_SUSPICIOUS_MOVE = YES;
				CLANG_WARN_UNGUARDED_AVAILABILITY = YES_AGGRESSIVE;
				CLANG_WARN_UNREACHABLE_CODE = YES;
				CLANG_WARN__DUPLICATE_METHOD_MATCH = YES;
				CODE_SIGN_IDENTITY = "iPhone Developer";
				COPY_PHASE_STRIP = NO;
				DEBUG_INFORMATION_FORMAT = "dwarf-with-dsym";
				ENABLE_NS_ASSERTIONS = NO;
				ENABLE_STRICT_OBJC_MSGSEND = YES;
				GCC_C_LANGUAGE_STANDARD = gnu11;
				GCC_NO_COMMON_BLOCKS = YES;
				GCC_WARN_64_TO_32_BIT_CONVERSION = YES;
				GCC_WARN_ABOUT_RETURN_TYPE = YES_ERROR;
				GCC_WARN_UNDECLARED_SELECTOR = YES;
				GCC_WARN_UNINITIALIZED_AUTOS = YES_AGGRESSIVE;
				GCC_WARN_UNUSED_FUNCTION = YES;
				GCC_WARN_UNUSED_VARIABLE = YES;
				IPHONEOS_DEPLOYMENT_TARGET = 11.2;
				MTL_ENABLE_DEBUG_INFO = NO;
				SDKROOT = iphoneos;
				SWIFT_OPTIMIZATION_LEVEL = "-Owholemodule";
				VALIDATE_PRODUCT = YES;
			};
			name = Release;
		};
		2DD1619D20B5023400B27889 /* Debug */ = {
			isa = XCBuildConfiguration;
			buildSettings = {
				ASSETCATALOG_COMPILER_APPICON_NAME = AppIcon;
				CODE_SIGN_STYLE = Automatic;
				DEVELOPMENT_TEAM = 2MFF7GBV57;
				INFOPLIST_FILE = chinchiro_app/Info.plist;
				LD_RUNPATH_SEARCH_PATHS = "$(inherited) @executable_path/Frameworks";
				PRODUCT_BUNDLE_IDENTIFIER = "com.example.chinchiro-app";
				PRODUCT_NAME = "$(TARGET_NAME)";
				SWIFT_VERSION = 4.0;
				TARGETED_DEVICE_FAMILY = "1,2";
			};
			name = Debug;
		};
		2DD1619E20B5023400B27889 /* Release */ = {
			isa = XCBuildConfiguration;
			buildSettings = {
				ASSETCATALOG_COMPILER_APPICON_NAME = AppIcon;
				CODE_SIGN_STYLE = Automatic;
				DEVELOPMENT_TEAM = 2MFF7GBV57;
				INFOPLIST_FILE = chinchiro_app/Info.plist;
				LD_RUNPATH_SEARCH_PATHS = "$(inherited) @executable_path/Frameworks";
				PRODUCT_BUNDLE_IDENTIFIER = "com.example.chinchiro-app";
				PRODUCT_NAME = "$(TARGET_NAME)";
				SWIFT_VERSION = 4.0;
				TARGETED_DEVICE_FAMILY = "1,2";
			};
			name = Release;
		};
		2DD161A020B5023400B27889 /* Debug */ = {
			isa = XCBuildConfiguration;
			buildSettings = {
				ALWAYS_EMBED_SWIFT_STANDARD_LIBRARIES = YES;
				BUNDLE_LOADER = "$(TEST_HOST)";
				CODE_SIGN_STYLE = Automatic;
				DEVELOPMENT_TEAM = 2MFF7GBV57;
				INFOPLIST_FILE = chinchiro_appTests/Info.plist;
				LD_RUNPATH_SEARCH_PATHS = "$(inherited) @executable_path/Frameworks @loader_path/Frameworks";
				PRODUCT_BUNDLE_IDENTIFIER = "com.example.chinchiro-appTests";
				PRODUCT_NAME = "$(TARGET_NAME)";
				SWIFT_VERSION = 4.0;
				TARGETED_DEVICE_FAMILY = "1,2";
				TEST_HOST = "$(BUILT_PRODUCTS_DIR)/chinchiro_app.app/chinchiro_app";
			};
			name = Debug;
		};
		2DD161A120B5023400B27889 /* Release */ = {
			isa = XCBuildConfiguration;
			buildSettings = {
				ALWAYS_EMBED_SWIFT_STANDARD_LIBRARIES = YES;
				BUNDLE_LOADER = "$(TEST_HOST)";
				CODE_SIGN_STYLE = Automatic;
				DEVELOPMENT_TEAM = 2MFF7GBV57;
				INFOPLIST_FILE = chinchiro_appTests/Info.plist;
				LD_RUNPATH_SEARCH_PATHS = "$(inherited) @executable_path/Frameworks @loader_path/Frameworks";
				PRODUCT_BUNDLE_IDENTIFIER = "com.example.chinchiro-appTests";
				PRODUCT_NAME = "$(TARGET_NAME)";
				SWIFT_VERSION = 4.0;
				TARGETED_DEVICE_FAMILY = "1,2";
				TEST_HOST = "$(BUILT_PRODUCTS_DIR)/chinchiro_app.app/chinchiro_app";
			};
			name = Release;
		};
		2DD161A320B5023400B27889 /* Debug */ = {
			isa = XCBuildConfiguration;
			buildSettings = {
				ALWAYS_EMBED_SWIFT_STANDARD_LIBRARIES = YES;
				CODE_SIGN_STYLE = Automatic;
				DEVELOPMENT_TEAM = 2MFF7GBV57;
				INFOPLIST_FILE = chinchiro_appUITests/Info.plist;
				LD_RUNPATH_SEARCH_PATHS = "$(inherited) @executable_path/Frameworks @loader_path/Frameworks";
				PRODUCT_BUNDLE_IDENTIFIER = "com.example.chinchiro-appUITests";
				PRODUCT_NAME = "$(TARGET_NAME)";
				SWIFT_VERSION = 4.0;
				TARGETED_DEVICE_FAMILY = "1,2";
				TEST_TARGET_NAME = chinchiro_app;
			};
			name = Debug;
		};
		2DD161A420B5023400B27889 /* Release */ = {
			isa = XCBuildConfiguration;
			buildSettings = {
				ALWAYS_EMBED_SWIFT_STANDARD_LIBRARIES = YES;
				CODE_SIGN_STYLE = Automatic;
				DEVELOPMENT_TEAM = 2MFF7GBV57;
				INFOPLIST_FILE = chinchiro_appUITests/Info.plist;
				LD_RUNPATH_SEARCH_PATHS = "$(inherited) @executable_path/Frameworks @loader_path/Frameworks";
				PRODUCT_BUNDLE_IDENTIFIER = "com.example.chinchiro-appUITests";
				PRODUCT_NAME = "$(TARGET_NAME)";
				SWIFT_VERSION = 4.0;
				TARGETED_DEVICE_FAMILY = "1,2";
				TEST_TARGET_NAME = chinchiro_app;
			};
			name = Release;
		};
/* End XCBuildConfiguration section */

/* Begin XCConfigurationList section */
		2DD1616F20B5023300B27889 /* Build configuration list for PBXProject "chinchiro_app" */ = {
			isa = XCConfigurationList;
			buildConfigurations = (
				2DD1619A20B5023400B27889 /* Debug */,
				2DD1619B20B5023400B27889 /* Release */,
			);
			defaultConfigurationIsVisible = 0;
			defaultConfigurationName = Release;
		};
		2DD1619C20B5023400B27889 /* Build configuration list for PBXNativeTarget "chinchiro_app" */ = {
			isa = XCConfigurationList;
			buildConfigurations = (
				2DD1619D20B5023400B27889 /* Debug */,
				2DD1619E20B5023400B27889 /* Release */,
			);
			defaultConfigurationIsVisible = 0;
			defaultConfigurationName = Release;
		};
		2DD1619F20B5023400B27889 /* Build configuration list for PBXNativeTarget "chinchiro_appTests" */ = {
			isa = XCConfigurationList;
			buildConfigurations = (
				2DD161A020B5023400B27889 /* Debug */,
				2DD161A120B5023400B27889 /* Release */,
			);
			defaultConfigurationIsVisible = 0;
			defaultConfigurationName = Release;
		};
		2DD161A220B5023400B27889 /* Build configuration list for PBXNativeTarget "chinchiro_appUITests" */ = {
			isa = XCConfigurationList;
			buildConfigurations = (
				2DD161A320B5023400B27889 /* Debug */,
				2DD161A420B5023400B27889 /* Release */,
			);
			defaultConfigurationIsVisible = 0;
			defaultConfigurationName = Release;
		};
/* End XCConfigurationList section */
	};
	rootObject = 2DD1616C20B5023300B27889 /* Project object */;
}
